
Microsoft Visual Studio Solution File, Format Version 12.00
# Visual Studio 2012
Project("{FAE04EC0-301F-11D3-BF4B-00C04F79EFBC}") = "TicTacToe.Console", "ConsoleApplication2\TicTacToe.Console.csproj", "{B9133C4A-4C76-4E6B-9061-32FEE81D519F}"
EndProject
Project("{FAE04EC0-301F-11D3-BF4B-00C04F79EFBC}") = "TicTacToe.Common", "TicTacToe.Common\TicTacToe.Common.csproj", "{04B82CCB-0C08-43BE-BB70-C5501432480D}"
EndProject
Project("{FAE04EC0-301F-11D3-BF4B-00C04F79EFBC}") = "Player1", "Player1\Player1.csproj", "{2E685B7E-05FE-4B3C-B39C-BB62EB4034E2}"
EndProject
Project("{FAE04EC0-301F-11D3-BF4B-00C04F79EFBC}") = "Player2", "Player2\Player2.csproj", "{8C72B685-75AC-4A60-88F0-AD7C7EBF5DD9}"
EndProject
Project("{FAE04EC0-301F-11D3-BF4B-00C04F79EFBC}") = "TicTacToe.WebUI", "TicTacToe.WebUI\TicTacToe.WebUI.csproj", "{C55CC6AD-4F53-4B94-B75C-CBD60BFEF15F}"
EndProject
Global
	GlobalSection(SolutionConfigurationPlatforms) = preSolution
		Debug|Any CPU = Debug|Any CPU
		Release|Any CPU = Release|Any CPU
	EndGlobalSection
	GlobalSection(ProjectConfigurationPlatforms) = postSolution
		{B9133C4A-4C76-4E6B-9061-32FEE81D519F}.Debug|Any CPU.ActiveCfg = Debug|Any CPU
		{B9133C4A-4C76-4E6B-9061-32FEE81D519F}.Debug|Any CPU.Build.0 = Debug|Any CPU
		{B9133C4A-4C76-4E6B-9061-32FEE81D519F}.Release|Any CPU.ActiveCfg = Release|Any CPU
		{B9133C4A-4C76-4E6B-9061-32FEE81D519F}.Release|Any CPU.Build.0 = Release|Any CPU
		{04B82CCB-0C08-43BE-BB70-C5501432480D}.Debug|Any CPU.ActiveCfg = Debug|Any CPU
		{04B82CCB-0C08-43BE-BB70-C5501432480D}.Debug|Any CPU.Build.0 = Debug|Any CPU
		{04B82CCB-0C08-43BE-BB70-C5501432480D}.Release|Any CPU.ActiveCfg = Release|Any CPU
		{04B82CCB-0C08-43BE-BB70-C5501432480D}.Release|Any CPU.Build.0 = Release|Any CPU
		{2E685B7E-05FE-4B3C-B39C-BB62EB4034E2}.Debug|Any CPU.ActiveCfg = Debug|Any CPU
		{2E685B7E-05FE-4B3C-B39C-BB62EB4034E2}.Debug|Any CPU.Build.0 = Debug|Any CPU
		{2E685B7E-05FE-4B3C-B39C-BB62EB4034E2}.Release|Any CPU.ActiveCfg = Release|Any CPU
		{2E685B7E-05FE-4B3C-B39C-BB62EB4034E2}.Release|Any CPU.Build.0 = Release|Any CPU
		{8C72B685-75AC-4A60-88F0-AD7C7EBF5DD9}.Debug|Any CPU.ActiveCfg = Debug|Any CPU
		{8C72B685-75AC-4A60-88F0-AD7C7EBF5DD9}.Debug|Any CPU.Build.0 = Debug|Any CPU
		{8C72B685-75AC-4A60-88F0-AD7C7EBF5DD9}.Release|Any CPU.ActiveCfg = Release|Any CPU
		{8C72B685-75AC-4A60-88F0-AD7C7EBF5DD9}.Release|Any CPU.Build.0 = Release|Any CPU
		{C55CC6AD-4F53-4B94-B75C-CBD60BFEF15F}.Debug|Any CPU.ActiveCfg = Debug|Any CPU
		{C55CC6AD-4F53-4B94-B75C-CBD60BFEF15F}.Debug|Any CPU.Build.0 = Debug|Any CPU
		{C55CC6AD-4F53-4B94-B75C-CBD60BFEF15F}.Release|Any CPU.ActiveCfg = Release|Any CPU
		{C55CC6AD-4F53-4B94-B75C-CBD60BFEF15F}.Release|Any CPU.Build.0 = Release|Any CPU
	EndGlobalSection
	GlobalSection(SolutionProperties) = preSolution
		HideSolutionNode = FALSE
	EndGlobalSection
EndGlobal
